
Microsoft Visual Studio Solution File, Format Version 12.00
# Visual Studio Version 17
VisualStudioVersion = 17.14.36623.8 d17.14
MinimumVisualStudioVersion = 10.0.40219.1
Project("{FAE04EC0-301F-11D3-BF4B-00C04F79EFBC}") = "ValidationControl", "ValidationControl.csproj", "{4D6CC64E-1F39-4583-A414-44266413FE1E}"
EndProject
Global
	GlobalSection(SolutionConfigurationPlatforms) = preSolution
		Debug|Any CPU = Debug|Any CPU
		Release|Any CPU = Release|Any CPU
	EndGlobalSection
	GlobalSection(ProjectConfigurationPlatforms) = postSolution
		{4D6CC64E-1F39-4583-A414-44266413FE1E}.Debug|Any CPU.ActiveCfg = Debug|Any CPU
		{4D6CC64E-1F39-4583-A414-44266413FE1E}.Debug|Any CPU.Build.0 = Debug|Any CPU
		{4D6CC64E-1F39-4583-A414-44266413FE1E}.Release|Any CPU.ActiveCfg = Release|Any CPU
		{4D6CC64E-1F39-4583-A414-44266413FE1E}.Release|Any CPU.Build.0 = Release|Any CPU
	EndGlobalSection
	GlobalSection(SolutionProperties) = preSolution
		HideSolutionNode = FALSE
	EndGlobalSection
	GlobalSection(ExtensibilityGlobals) = postSolution
		SolutionGuid = {770D1FED-7770-4726-99F3-B2CDC40BBD11}
	EndGlobalSection
EndGlobal
